{
  "name": "mixBlogUniApp",
  "lockfileVersion": 3,
  "requires": true,
  "packages": {
    "": {
      "dependencies": {
        "ogl": "^1.0.11"
      },
      "devDependencies": {
        "@dcloudio/types": "^3.4.19"
      }
    },
    "node_modules/@dcloudio/types": {
      "version": "3.4.19",
      "resolved": "https://registry.npmjs.org/@dcloudio/types/-/types-3.4.19.tgz",
      "integrity": "sha512-1foayOFEAQ+jnQLt3ACsovCNjer3/fXn1I2VBpmDOzs2nk/n4UHwRLAxZV/RpxRqaGOPEvKrO/Pq+VI6sAmuRw==",
      "dev": true,
      "license": "Apache-2.0"
    },
    "node_modules/ogl": {
      "version": "1.0.11",
      "resolved": "https://registry.npmjs.org/ogl/-/ogl-1.0.11.tgz",
      "integrity": "sha512-kUpC154AFfxi16pmZUK4jk3J+8zxwTWGPo03EoYA8QPbzikHoaC82n6pNTbd+oEaJonaE8aPWBlX7ad9zrqLsA==",
      "license": "Unlicense"
    }
  }
}
