{
  "name": "mixBlogUniApp",
  "lockfileVersion": 3,
  "requires": true,
  "packages": {
    "": {
      "devDependencies": {
        "@dcloudio/types": "^3.4.19"
      }
    },
    "node_modules/@dcloudio/types": {
      "version": "3.4.19",
      "resolved": "https://registry.npmjs.org/@dcloudio/types/-/types-3.4.19.tgz",
      "integrity": "sha512-1foayOFEAQ+jnQLt3ACsovCNjer3/fXn1I2VBpmDOzs2nk/n4UHwRLAxZV/RpxRqaGOPEvKrO/Pq+VI6sAmuRw==",
      "dev": true,
      "license": "Apache-2.0"
    }
  }
}
